
Microsoft Visual Studio Solution File, Format Version 12.00
# Visual Studio 15
VisualStudioVersion = 15.0.26124.0
MinimumVisualStudioVersion = 15.0.26124.0
Project("{2150E333-8FDC-42A3-9474-1A3956D46DE8}") = "src", "src", "{FAA6FC48-DE08-49CF-9253-7E931888BA19}"
EndProject
Project("{FAE04EC0-301F-11D3-BF4B-00C04F79EFBC}") = "AspNetCoreContentful.Api", "src\AspNetCoreContentful.Api\AspNetCoreContentful.Api.csproj", "{77376E90-51CA-4487-8BE1-5BC61E3E1224}"
EndProject
Global
	GlobalSection(SolutionConfigurationPlatforms) = preSolution
		Debug|Any CPU = Debug|Any CPU
		Debug|x64 = Debug|x64
		Debug|x86 = Debug|x86
		Release|Any CPU = Release|Any CPU
		Release|x64 = Release|x64
		Release|x86 = Release|x86
	EndGlobalSection
	GlobalSection(SolutionProperties) = preSolution
		HideSolutionNode = FALSE
	EndGlobalSection
	GlobalSection(ProjectConfigurationPlatforms) = postSolution
		{77376E90-51CA-4487-8BE1-5BC61E3E1224}.Debug|Any CPU.ActiveCfg = Debug|Any CPU
		{77376E90-51CA-4487-8BE1-5BC61E3E1224}.Debug|Any CPU.Build.0 = Debug|Any CPU
		{77376E90-51CA-4487-8BE1-5BC61E3E1224}.Debug|x64.ActiveCfg = Debug|Any CPU
		{77376E90-51CA-4487-8BE1-5BC61E3E1224}.Debug|x64.Build.0 = Debug|Any CPU
		{77376E90-51CA-4487-8BE1-5BC61E3E1224}.Debug|x86.ActiveCfg = Debug|Any CPU
		{77376E90-51CA-4487-8BE1-5BC61E3E1224}.Debug|x86.Build.0 = Debug|Any CPU
		{77376E90-51CA-4487-8BE1-5BC61E3E1224}.Release|Any CPU.ActiveCfg = Release|Any CPU
		{77376E90-51CA-4487-8BE1-5BC61E3E1224}.Release|Any CPU.Build.0 = Release|Any CPU
		{77376E90-51CA-4487-8BE1-5BC61E3E1224}.Release|x64.ActiveCfg = Release|Any CPU
		{77376E90-51CA-4487-8BE1-5BC61E3E1224}.Release|x64.Build.0 = Release|Any CPU
		{77376E90-51CA-4487-8BE1-5BC61E3E1224}.Release|x86.ActiveCfg = Release|Any CPU
		{77376E90-51CA-4487-8BE1-5BC61E3E1224}.Release|x86.Build.0 = Release|Any CPU
	EndGlobalSection
	GlobalSection(NestedProjects) = preSolution
		{77376E90-51CA-4487-8BE1-5BC61E3E1224} = {FAA6FC48-DE08-49CF-9253-7E931888BA19}
	EndGlobalSection
EndGlobal
